
Microsoft Visual Studio Solution File, Format Version 12.00
# Visual Studio Version 17
VisualStudioVersion = 17.9.34728.123
MinimumVisualStudioVersion = 10.0.40219.1
Project("{FAE04EC0-301F-11D3-BF4B-00C04F79EFBC}") = "csharp-oop-shop", "csharp-oop-shop\csharp-oop-shop.csproj", "{503EB99F-F9EF-4578-A878-91B3EB4BCED4}"
EndProject
Global
	GlobalSection(SolutionConfigurationPlatforms) = preSolution
		Debug|Any CPU = Debug|Any CPU
		Release|Any CPU = Release|Any CPU
	EndGlobalSection
	GlobalSection(ProjectConfigurationPlatforms) = postSolution
		{503EB99F-F9EF-4578-A878-91B3EB4BCED4}.Debug|Any CPU.ActiveCfg = Debug|Any CPU
		{503EB99F-F9EF-4578-A878-91B3EB4BCED4}.Debug|Any CPU.Build.0 = Debug|Any CPU
		{503EB99F-F9EF-4578-A878-91B3EB4BCED4}.Release|Any CPU.ActiveCfg = Release|Any CPU
		{503EB99F-F9EF-4578-A878-91B3EB4BCED4}.Release|Any CPU.Build.0 = Release|Any CPU
	EndGlobalSection
	GlobalSection(SolutionProperties) = preSolution
		HideSolutionNode = FALSE
	EndGlobalSection
	GlobalSection(ExtensibilityGlobals) = postSolution
		SolutionGuid = {52673899-0F6F-4406-86C4-1FDCB5F29C98}
	EndGlobalSection
EndGlobal
